{
  "name": "medusa-io",
  "version": "1.0.0",
  "lockfileVersion": 3,
  "requires": true,
  "packages": {
    "": {
      "name": "medusa-io",
      "version": "1.0.0",
      "dependencies": {
        "medusa-io": "file:"
      }
    },
    "node_modules/medusa-io": {
      "resolved": "",
      "link": true
    }
  }
}
